
Microsoft Visual Studio Solution File, Format Version 12.00
# Visual Studio 2013
VisualStudioVersion = 12.0.21005.1
MinimumVisualStudioVersion = 10.0.40219.1
Project("{FAE04EC0-301F-11D3-BF4B-00C04F79EFBC}") = "ca2", "ca2\ca2.csproj", "{CE586445-2FF6-406C-A2CC-0C382F8B653D}"
EndProject
Global
	GlobalSection(SolutionConfigurationPlatforms) = preSolution
		Debug|Any CPU = Debug|Any CPU
		Release|Any CPU = Release|Any CPU
	EndGlobalSection
	GlobalSection(ProjectConfigurationPlatforms) = postSolution
		{CE586445-2FF6-406C-A2CC-0C382F8B653D}.Debug|Any CPU.ActiveCfg = Debug|Any CPU
		{CE586445-2FF6-406C-A2CC-0C382F8B653D}.Debug|Any CPU.Build.0 = Debug|Any CPU
		{CE586445-2FF6-406C-A2CC-0C382F8B653D}.Release|Any CPU.ActiveCfg = Release|Any CPU
		{CE586445-2FF6-406C-A2CC-0C382F8B653D}.Release|Any CPU.Build.0 = Release|Any CPU
	EndGlobalSection
	GlobalSection(SolutionProperties) = preSolution
		HideSolutionNode = FALSE
	EndGlobalSection
EndGlobal
